
Microsoft Visual Studio Solution File, Format Version 12.00
# Visual Studio Version 17
VisualStudioVersion = 17.14.36518.9 d17.14
MinimumVisualStudioVersion = 10.0.40219.1
Project("{FAE04EC0-301F-11D3-BF4B-00C04F79EFBC}") = "SistemaLocadoraDeVeiculos", "SistemaLocadoraDeVeiculos\SistemaLocadoraDeVeiculos.csproj", "{659BB3D1-D394-4B11-8023-B215C6085FC9}"
EndProject
Global
	GlobalSection(SolutionConfigurationPlatforms) = preSolution
		Debug|Any CPU = Debug|Any CPU
		Release|Any CPU = Release|Any CPU
	EndGlobalSection
	GlobalSection(ProjectConfigurationPlatforms) = postSolution
		{659BB3D1-D394-4B11-8023-B215C6085FC9}.Debug|Any CPU.ActiveCfg = Debug|Any CPU
		{659BB3D1-D394-4B11-8023-B215C6085FC9}.Debug|Any CPU.Build.0 = Debug|Any CPU
		{659BB3D1-D394-4B11-8023-B215C6085FC9}.Release|Any CPU.ActiveCfg = Release|Any CPU
		{659BB3D1-D394-4B11-8023-B215C6085FC9}.Release|Any CPU.Build.0 = Release|Any CPU
	EndGlobalSection
	GlobalSection(SolutionProperties) = preSolution
		HideSolutionNode = FALSE
	EndGlobalSection
	GlobalSection(ExtensibilityGlobals) = postSolution
		SolutionGuid = {E4CE00B4-BCE1-4DA0-ABBD-B4610621430F}
	EndGlobalSection
EndGlobal
